
Microsoft Visual Studio Solution File, Format Version 12.00
# Visual Studio 15
VisualStudioVersion = 15.0.28307.1062
MinimumVisualStudioVersion = 10.0.40219.1
Project("{2150E333-8FDC-42A3-9474-1A3956D46DE8}") = "Microservices", "Microservices", "{56D8C597-9589-46D5-9ED1-327950D594E4}"
EndProject
Project("{2150E333-8FDC-42A3-9474-1A3956D46DE8}") = "Domain", "Domain", "{F6C772D0-4D6D-4479-A9ED-E9BF7262173E}"
EndProject
Project("{2150E333-8FDC-42A3-9474-1A3956D46DE8}") = "Infra.Bus", "Infra.Bus", "{9ADED933-C86F-4C74-9F36-59BDECCB19D5}"
EndProject
Project("{2150E333-8FDC-42A3-9474-1A3956D46DE8}") = "Infra.IoC", "Infra.IoC", "{82D8C960-5609-478B-AAF1-00F62215F8E1}"
EndProject
Project("{2150E333-8FDC-42A3-9474-1A3956D46DE8}") = "Presentation", "Presentation", "{86899C25-3A27-4AAE-880A-BE7E8C31E4EE}"
EndProject
Project("{9A19103F-16F7-4668-BE54-9A1E7A4F7556}") = "MicroRabbit.Domain.Core", "MicroRabbit.Domain.Core\MicroRabbit.Domain.Core.csproj", "{E8ACF6C0-8BEA-4FBD-9792-A9F3AD7F9C97}"
EndProject
Project("{9A19103F-16F7-4668-BE54-9A1E7A4F7556}") = "MicroRabbit.Infra.Bus", "MicroRabbit.Infra.Bus\MicroRabbit.Infra.Bus.csproj", "{DAFF087A-A3A6-4916-8B12-E4A7DFCF8D15}"
EndProject
Project("{9A19103F-16F7-4668-BE54-9A1E7A4F7556}") = "MicroRabbit.Infra.IoC", "MicroRabbit.Infra.IoC\MicroRabbit.Infra.IoC.csproj", "{8D70A3A4-2BEB-40A7-A351-94BAD4ABD60C}"
EndProject
Project("{2150E333-8FDC-42A3-9474-1A3956D46DE8}") = "Banking", "Banking", "{B41FEAC8-F88D-40AC-A4A8-332315648458}"
EndProject
Project("{2150E333-8FDC-42A3-9474-1A3956D46DE8}") = "Api", "Api", "{46DFB04C-26E2-4D32-8332-83B84B9B53D6}"
EndProject
Project("{2150E333-8FDC-42A3-9474-1A3956D46DE8}") = "Domain", "Domain", "{38E934A2-2B85-4D05-92D0-34EBF57E2FBB}"
EndProject
Project("{2150E333-8FDC-42A3-9474-1A3956D46DE8}") = "Application", "Application", "{DAC2DC13-F59A-4194-8B5E-6CE4FCE94E21}"
EndProject
Project("{2150E333-8FDC-42A3-9474-1A3956D46DE8}") = "Data", "Data", "{3A840C18-AB51-4CA0-B05E-618E42EA2302}"
EndProject
Project("{FAE04EC0-301F-11D3-BF4B-00C04F79EFBC}") = "MicroRabbit.Banking.Api", "MicroRabbit.Banking.Api\MicroRabbit.Banking.Api.csproj", "{0B035FCA-7E3A-4E8B-B90F-38D69C54960C}"
EndProject
Project("{FAE04EC0-301F-11D3-BF4B-00C04F79EFBC}") = "MicoRabbit.Banking.Application", "MicoRabbit.Banking.Application\MicoRabbit.Banking.Application.csproj", "{9A1D329E-A101-4CF9-ABCD-0332E0EBBC5A}"
EndProject
Project("{FAE04EC0-301F-11D3-BF4B-00C04F79EFBC}") = "MacroRabbit.Banking.Data", "MacroRabbit.Banking.Data\MacroRabbit.Banking.Data.csproj", "{32A9BF9F-275A-431A-9980-ECD819A745CC}"
EndProject
Project("{FAE04EC0-301F-11D3-BF4B-00C04F79EFBC}") = "MicroRabbit.Banking.Domain", "MicroRabbit.Banking.Domain\MicroRabbit.Banking.Domain.csproj", "{B61CFFE0-517D-4AE9-A986-EDD42B3AD2D5}"
EndProject
Global
	GlobalSection(SolutionConfigurationPlatforms) = preSolution
		Debug|Any CPU = Debug|Any CPU
		Release|Any CPU = Release|Any CPU
	EndGlobalSection
	GlobalSection(ProjectConfigurationPlatforms) = postSolution
		{E8ACF6C0-8BEA-4FBD-9792-A9F3AD7F9C97}.Debug|Any CPU.ActiveCfg = Debug|Any CPU
		{E8ACF6C0-8BEA-4FBD-9792-A9F3AD7F9C97}.Debug|Any CPU.Build.0 = Debug|Any CPU
		{E8ACF6C0-8BEA-4FBD-9792-A9F3AD7F9C97}.Release|Any CPU.ActiveCfg = Release|Any CPU
		{E8ACF6C0-8BEA-4FBD-9792-A9F3AD7F9C97}.Release|Any CPU.Build.0 = Release|Any CPU
		{DAFF087A-A3A6-4916-8B12-E4A7DFCF8D15}.Debug|Any CPU.ActiveCfg = Debug|Any CPU
		{DAFF087A-A3A6-4916-8B12-E4A7DFCF8D15}.Debug|Any CPU.Build.0 = Debug|Any CPU
		{DAFF087A-A3A6-4916-8B12-E4A7DFCF8D15}.Release|Any CPU.ActiveCfg = Release|Any CPU
		{DAFF087A-A3A6-4916-8B12-E4A7DFCF8D15}.Release|Any CPU.Build.0 = Release|Any CPU
		{8D70A3A4-2BEB-40A7-A351-94BAD4ABD60C}.Debug|Any CPU.ActiveCfg = Debug|Any CPU
		{8D70A3A4-2BEB-40A7-A351-94BAD4ABD60C}.Debug|Any CPU.Build.0 = Debug|Any CPU
		{8D70A3A4-2BEB-40A7-A351-94BAD4ABD60C}.Release|Any CPU.ActiveCfg = Release|Any CPU
		{8D70A3A4-2BEB-40A7-A351-94BAD4ABD60C}.Release|Any CPU.Build.0 = Release|Any CPU
		{0B035FCA-7E3A-4E8B-B90F-38D69C54960C}.Debug|Any CPU.ActiveCfg = Debug|Any CPU
		{0B035FCA-7E3A-4E8B-B90F-38D69C54960C}.Debug|Any CPU.Build.0 = Debug|Any CPU
		{0B035FCA-7E3A-4E8B-B90F-38D69C54960C}.Release|Any CPU.ActiveCfg = Release|Any CPU
		{0B035FCA-7E3A-4E8B-B90F-38D69C54960C}.Release|Any CPU.Build.0 = Release|Any CPU
		{9A1D329E-A101-4CF9-ABCD-0332E0EBBC5A}.Debug|Any CPU.ActiveCfg = Debug|Any CPU
		{9A1D329E-A101-4CF9-ABCD-0332E0EBBC5A}.Debug|Any CPU.Build.0 = Debug|Any CPU
		{9A1D329E-A101-4CF9-ABCD-0332E0EBBC5A}.Release|Any CPU.ActiveCfg = Release|Any CPU
		{9A1D329E-A101-4CF9-ABCD-0332E0EBBC5A}.Release|Any CPU.Build.0 = Release|Any CPU
		{32A9BF9F-275A-431A-9980-ECD819A745CC}.Debug|Any CPU.ActiveCfg = Debug|Any CPU
		{32A9BF9F-275A-431A-9980-ECD819A745CC}.Debug|Any CPU.Build.0 = Debug|Any CPU
		{32A9BF9F-275A-431A-9980-ECD819A745CC}.Release|Any CPU.ActiveCfg = Release|Any CPU
		{32A9BF9F-275A-431A-9980-ECD819A745CC}.Release|Any CPU.Build.0 = Release|Any CPU
		{B61CFFE0-517D-4AE9-A986-EDD42B3AD2D5}.Debug|Any CPU.ActiveCfg = Debug|Any CPU
		{B61CFFE0-517D-4AE9-A986-EDD42B3AD2D5}.Debug|Any CPU.Build.0 = Debug|Any CPU
		{B61CFFE0-517D-4AE9-A986-EDD42B3AD2D5}.Release|Any CPU.ActiveCfg = Release|Any CPU
		{B61CFFE0-517D-4AE9-A986-EDD42B3AD2D5}.Release|Any CPU.Build.0 = Release|Any CPU
	EndGlobalSection
	GlobalSection(SolutionProperties) = preSolution
		HideSolutionNode = FALSE
	EndGlobalSection
	GlobalSection(NestedProjects) = preSolution
		{E8ACF6C0-8BEA-4FBD-9792-A9F3AD7F9C97} = {F6C772D0-4D6D-4479-A9ED-E9BF7262173E}
		{DAFF087A-A3A6-4916-8B12-E4A7DFCF8D15} = {9ADED933-C86F-4C74-9F36-59BDECCB19D5}
		{8D70A3A4-2BEB-40A7-A351-94BAD4ABD60C} = {82D8C960-5609-478B-AAF1-00F62215F8E1}
		{B41FEAC8-F88D-40AC-A4A8-332315648458} = {56D8C597-9589-46D5-9ED1-327950D594E4}
		{46DFB04C-26E2-4D32-8332-83B84B9B53D6} = {B41FEAC8-F88D-40AC-A4A8-332315648458}
		{38E934A2-2B85-4D05-92D0-34EBF57E2FBB} = {B41FEAC8-F88D-40AC-A4A8-332315648458}
		{DAC2DC13-F59A-4194-8B5E-6CE4FCE94E21} = {B41FEAC8-F88D-40AC-A4A8-332315648458}
		{3A840C18-AB51-4CA0-B05E-618E42EA2302} = {B41FEAC8-F88D-40AC-A4A8-332315648458}
		{0B035FCA-7E3A-4E8B-B90F-38D69C54960C} = {46DFB04C-26E2-4D32-8332-83B84B9B53D6}
		{9A1D329E-A101-4CF9-ABCD-0332E0EBBC5A} = {DAC2DC13-F59A-4194-8B5E-6CE4FCE94E21}
		{32A9BF9F-275A-431A-9980-ECD819A745CC} = {3A840C18-AB51-4CA0-B05E-618E42EA2302}
		{B61CFFE0-517D-4AE9-A986-EDD42B3AD2D5} = {38E934A2-2B85-4D05-92D0-34EBF57E2FBB}
	EndGlobalSection
	GlobalSection(ExtensibilityGlobals) = postSolution
		SolutionGuid = {14792775-4191-436F-8FB3-F6EF4A0D3859}
	EndGlobalSection
EndGlobal
